// !$*UTF8*$!
{
	archiveVersion = 1;
	classes = {
	};
	objectVersion = 50;
	objects = {

/* Begin PBXBuildFile section */
		381FC23F2324044A00C484C2 /* Market.swift in Sources */ = {isa = PBXBuildFile; fileRef = 381FC23E2324044A00C484C2 /* Market.swift */; };
		381FC2412324059800C484C2 /* Sector.swift in Sources */ = {isa = PBXBuildFile; fileRef = 381FC2402324059800C484C2 /* Sector.swift */; };
		381FC2432324061900C484C2 /* FormOfSale.swift in Sources */ = {isa = PBXBuildFile; fileRef = 381FC2422324061900C484C2 /* FormOfSale.swift */; };
		381FC2452324064800C484C2 /* Item.swift in Sources */ = {isa = PBXBuildFile; fileRef = 381FC2442324064800C484C2 /* Item.swift */; };
		381FC267232496D200C484C2 /* PurchasedList.swift in Sources */ = {isa = PBXBuildFile; fileRef = 381FC266232496D200C484C2 /* PurchasedList.swift */; };
		382004F62398923500B7E913 /* Structs.swift in Sources */ = {isa = PBXBuildFile; fileRef = 382004F52398923500B7E913 /* Structs.swift */; };
		382004F92398B5BE00B7E913 /* SingleItemController.swift in Sources */ = {isa = PBXBuildFile; fileRef = 382004F82398B5BE00B7E913 /* SingleItemController.swift */; };
		3820B68C232E979300E2FEFA /* SingleItemInfoVC.swift in Sources */ = {isa = PBXBuildFile; fileRef = 3820B68B232E979300E2FEFA /* SingleItemInfoVC.swift */; };
		382651DB23A85B79006261C3 /* ItemPurchaseHistoryVC.swift in Sources */ = {isa = PBXBuildFile; fileRef = 382651DA23A85B79006261C3 /* ItemPurchaseHistoryVC.swift */; };
		382651DD23A85B8A006261C3 /* ItemPurchaseHistoryController.swift in Sources */ = {isa = PBXBuildFile; fileRef = 382651DC23A85B8A006261C3 /* ItemPurchaseHistoryController.swift */; };
		382651E523A8633D006261C3 /* ItemPurchaseHistoryVCCell.swift in Sources */ = {isa = PBXBuildFile; fileRef = 382651E323A8633D006261C3 /* ItemPurchaseHistoryVCCell.swift */; };
		382651E623A8633D006261C3 /* ItemPurchaseHistoryVCCell.xib in Resources */ = {isa = PBXBuildFile; fileRef = 382651E423A8633D006261C3 /* ItemPurchaseHistoryVCCell.xib */; };
		382A5E9D23800B22008F3B83 /* ItemImageExpandedVC.swift in Sources */ = {isa = PBXBuildFile; fileRef = 382A5E9C23800B22008F3B83 /* ItemImageExpandedVC.swift */; };
		38306190232DEAA3003725FB /* HomeVC.swift in Sources */ = {isa = PBXBuildFile; fileRef = 3830618F232DEAA3003725FB /* HomeVC.swift */; };
		38306192232DFA04003725FB /* ItemsMercadoVC.swift in Sources */ = {isa = PBXBuildFile; fileRef = 38306191232DFA04003725FB /* ItemsMercadoVC.swift */; };
		3847D562240DFD080055BE90 /* MarketHeaderCell.swift in Sources */ = {isa = PBXBuildFile; fileRef = 3847D560240DFD080055BE90 /* MarketHeaderCell.swift */; };
		3847D563240DFD080055BE90 /* MarketHeaderCell.xib in Resources */ = {isa = PBXBuildFile; fileRef = 3847D561240DFD080055BE90 /* MarketHeaderCell.xib */; };
		385B3CEA24147C1C006C06AF /* CellForItemInTableViews.swift in Sources */ = {isa = PBXBuildFile; fileRef = 385B3CE824147C1C006C06AF /* CellForItemInTableViews.swift */; };
		385B3CEB24147C1C006C06AF /* CellForItemInTableViews.xib in Resources */ = {isa = PBXBuildFile; fileRef = 385B3CE924147C1C006C06AF /* CellForItemInTableViews.xib */; };
		386792032411ED41006E24B3 /* CellForSectorInTableViews.swift in Sources */ = {isa = PBXBuildFile; fileRef = 386792012411ED41006E24B3 /* CellForSectorInTableViews.swift */; };
		386792042411ED41006E24B3 /* CellForSectorInTableViews.xib in Resources */ = {isa = PBXBuildFile; fileRef = 386792022411ED41006E24B3 /* CellForSectorInTableViews.xib */; };
		38686C1323AE84ED005901C0 /* FinishedShoppingListsVCHeaderCellTableViewCell.swift in Sources */ = {isa = PBXBuildFile; fileRef = 38686C1123AE84ED005901C0 /* FinishedShoppingListsVCHeaderCellTableViewCell.swift */; };
		38686C1423AE84ED005901C0 /* FinishedShoppingListsVCHeaderCellTableViewCell.xib in Resources */ = {isa = PBXBuildFile; fileRef = 38686C1223AE84ED005901C0 /* FinishedShoppingListsVCHeaderCellTableViewCell.xib */; };
		38686C1823AE8D88005901C0 /* FinishedShoppingListsVCItemsCells.swift in Sources */ = {isa = PBXBuildFile; fileRef = 38686C1623AE8D88005901C0 /* FinishedShoppingListsVCItemsCells.swift */; };
		38686C1923AE8D88005901C0 /* FinishedShoppingListsVCItemsCells.xib in Resources */ = {isa = PBXBuildFile; fileRef = 38686C1723AE8D88005901C0 /* FinishedShoppingListsVCItemsCells.xib */; };
		386E0F3A2349586F0048539F /* ItemsMercadoVCController.swift in Sources */ = {isa = PBXBuildFile; fileRef = 386E0F392349586F0048539F /* ItemsMercadoVCController.swift */; };
		387D3FF32384AFFD00567B95 /* Enums.swift in Sources */ = {isa = PBXBuildFile; fileRef = 387D3FF22384AFFD00567B95 /* Enums.swift */; };
		387D3FF52384B9DB00567B95 /* WeeklyShoppingList.swift in Sources */ = {isa = PBXBuildFile; fileRef = 387D3FF42384B9DB00567B95 /* WeeklyShoppingList.swift */; };
		387D3FF72384BE2D00567B95 /* WeeklyShoppingListController.swift in Sources */ = {isa = PBXBuildFile; fileRef = 387D3FF62384BE2D00567B95 /* WeeklyShoppingListController.swift */; };
		3880B699231DFB65008A11D0 /* AppDelegate.swift in Sources */ = {isa = PBXBuildFile; fileRef = 3880B698231DFB65008A11D0 /* AppDelegate.swift */; };
		3880B69E231DFB65008A11D0 /* Main.storyboard in Resources */ = {isa = PBXBuildFile; fileRef = 3880B69C231DFB65008A11D0 /* Main.storyboard */; };
		3880B6A0231DFB66008A11D0 /* Assets.xcassets in Resources */ = {isa = PBXBuildFile; fileRef = 3880B69F231DFB66008A11D0 /* Assets.xcassets */; };
		3880B6A3231DFB66008A11D0 /* LaunchScreen.storyboard in Resources */ = {isa = PBXBuildFile; fileRef = 3880B6A1231DFB66008A11D0 /* LaunchScreen.storyboard */; };
		388D4F822407611000266DC3 /* MarketListAppDatabase.xcdatamodeld in Sources */ = {isa = PBXBuildFile; fileRef = 388D4F7F240757ED00266DC3 /* MarketListAppDatabase.xcdatamodeld */; };
		388D4F842407679800266DC3 /* DataController.swift in Sources */ = {isa = PBXBuildFile; fileRef = 388D4F832407679800266DC3 /* DataController.swift */; };
		389AF58823AC0D2400AEBE92 /* FinishedShoppingListsVC.swift in Sources */ = {isa = PBXBuildFile; fileRef = 389AF58723AC0D2400AEBE92 /* FinishedShoppingListsVC.swift */; };
		38B0DBD82373AB4200F7EA9D /* Extensions.swift in Sources */ = {isa = PBXBuildFile; fileRef = 38B0DBD72373AB4200F7EA9D /* Extensions.swift */; };
		38BFACA523AB152D0026BEBE /* PurchasedItem.swift in Sources */ = {isa = PBXBuildFile; fileRef = 38BFACA423AB152D0026BEBE /* PurchasedItem.swift */; };
		38D9A2C22331E2FC0010E2EE /* NewItemVC.swift in Sources */ = {isa = PBXBuildFile; fileRef = 38D9A2C12331E2FC0010E2EE /* NewItemVC.swift */; };
		38F3D7EA2384FE6400C90281 /* UniversalObjectController.swift in Sources */ = {isa = PBXBuildFile; fileRef = 38F3D7E92384FE6400C90281 /* UniversalObjectController.swift */; };
/* End PBXBuildFile section */

/* Begin PBXFileReference section */
		381FC23E2324044A00C484C2 /* Market.swift */ = {isa = PBXFileReference; lastKnownFileType = sourcecode.swift; path = Market.swift; sourceTree = "<group>"; };
		381FC2402324059800C484C2 /* Sector.swift */ = {isa = PBXFileReference; lastKnownFileType = sourcecode.swift; path = Sector.swift; sourceTree = "<group>"; };
		381FC2422324061900C484C2 /* FormOfSale.swift */ = {isa = PBXFileReference; lastKnownFileType = sourcecode.swift; path = FormOfSale.swift; sourceTree = "<group>"; };
		381FC2442324064800C484C2 /* Item.swift */ = {isa = PBXFileReference; lastKnownFileType = sourcecode.swift; path = Item.swift; sourceTree = "<group>"; };
		381FC266232496D200C484C2 /* PurchasedList.swift */ = {isa = PBXFileReference; lastKnownFileType = sourcecode.swift; path = PurchasedList.swift; sourceTree = "<group>"; };
		382004F52398923500B7E913 /* Structs.swift */ = {isa = PBXFileReference; lastKnownFileType = sourcecode.swift; path = Structs.swift; sourceTree = "<group>"; };
		382004F82398B5BE00B7E913 /* SingleItemController.swift */ = {isa = PBXFileReference; lastKnownFileType = sourcecode.swift; path = SingleItemController.swift; sourceTree = "<group>"; };
		3820B68B232E979300E2FEFA /* SingleItemInfoVC.swift */ = {isa = PBXFileReference; lastKnownFileType = sourcecode.swift; path = SingleItemInfoVC.swift; sourceTree = "<group>"; };
		382651DA23A85B79006261C3 /* ItemPurchaseHistoryVC.swift */ = {isa = PBXFileReference; lastKnownFileType = sourcecode.swift; path = ItemPurchaseHistoryVC.swift; sourceTree = "<group>"; };
		382651DC23A85B8A006261C3 /* ItemPurchaseHistoryController.swift */ = {isa = PBXFileReference; lastKnownFileType = sourcecode.swift; path = ItemPurchaseHistoryController.swift; sourceTree = "<group>"; };
		382651E323A8633D006261C3 /* ItemPurchaseHistoryVCCell.swift */ = {isa = PBXFileReference; lastKnownFileType = sourcecode.swift; path = ItemPurchaseHistoryVCCell.swift; sourceTree = "<group>"; };
		382651E423A8633D006261C3 /* ItemPurchaseHistoryVCCell.xib */ = {isa = PBXFileReference; lastKnownFileType = file.xib; path = ItemPurchaseHistoryVCCell.xib; sourceTree = "<group>"; };
		382A5E9C23800B22008F3B83 /* ItemImageExpandedVC.swift */ = {isa = PBXFileReference; lastKnownFileType = sourcecode.swift; name = ItemImageExpandedVC.swift; path = ../../ItemImageExpandedVC.swift; sourceTree = "<group>"; };
		3830618F232DEAA3003725FB /* HomeVC.swift */ = {isa = PBXFileReference; lastKnownFileType = sourcecode.swift; path = HomeVC.swift; sourceTree = "<group>"; };
		38306191232DFA04003725FB /* ItemsMercadoVC.swift */ = {isa = PBXFileReference; lastKnownFileType = sourcecode.swift; path = ItemsMercadoVC.swift; sourceTree = "<group>"; };
		3847D560240DFD080055BE90 /* MarketHeaderCell.swift */ = {isa = PBXFileReference; lastKnownFileType = sourcecode.swift; path = MarketHeaderCell.swift; sourceTree = "<group>"; };
		3847D561240DFD080055BE90 /* MarketHeaderCell.xib */ = {isa = PBXFileReference; lastKnownFileType = file.xib; path = MarketHeaderCell.xib; sourceTree = "<group>"; };
		385B3CE824147C1C006C06AF /* CellForItemInTableViews.swift */ = {isa = PBXFileReference; lastKnownFileType = sourcecode.swift; path = CellForItemInTableViews.swift; sourceTree = "<group>"; };
		385B3CE924147C1C006C06AF /* CellForItemInTableViews.xib */ = {isa = PBXFileReference; lastKnownFileType = file.xib; path = CellForItemInTableViews.xib; sourceTree = "<group>"; };
		386792012411ED41006E24B3 /* CellForSectorInTableViews.swift */ = {isa = PBXFileReference; lastKnownFileType = sourcecode.swift; path = CellForSectorInTableViews.swift; sourceTree = "<group>"; };
		386792022411ED41006E24B3 /* CellForSectorInTableViews.xib */ = {isa = PBXFileReference; lastKnownFileType = file.xib; path = CellForSectorInTableViews.xib; sourceTree = "<group>"; };
		38686C1123AE84ED005901C0 /* FinishedShoppingListsVCHeaderCellTableViewCell.swift */ = {isa = PBXFileReference; lastKnownFileType = sourcecode.swift; path = FinishedShoppingListsVCHeaderCellTableViewCell.swift; sourceTree = "<group>"; };
		38686C1223AE84ED005901C0 /* FinishedShoppingListsVCHeaderCellTableViewCell.xib */ = {isa = PBXFileReference; lastKnownFileType = file.xib; path = FinishedShoppingListsVCHeaderCellTableViewCell.xib; sourceTree = "<group>"; };
		38686C1623AE8D88005901C0 /* FinishedShoppingListsVCItemsCells.swift */ = {isa = PBXFileReference; lastKnownFileType = sourcecode.swift; path = FinishedShoppingListsVCItemsCells.swift; sourceTree = "<group>"; };
		38686C1723AE8D88005901C0 /* FinishedShoppingListsVCItemsCells.xib */ = {isa = PBXFileReference; lastKnownFileType = file.xib; path = FinishedShoppingListsVCItemsCells.xib; sourceTree = "<group>"; };
		386E0F392349586F0048539F /* ItemsMercadoVCController.swift */ = {isa = PBXFileReference; lastKnownFileType = sourcecode.swift; path = ItemsMercadoVCController.swift; sourceTree = "<group>"; };
		387D3FF22384AFFD00567B95 /* Enums.swift */ = {isa = PBXFileReference; lastKnownFileType = sourcecode.swift; path = Enums.swift; sourceTree = "<group>"; };
		387D3FF42384B9DB00567B95 /* WeeklyShoppingList.swift */ = {isa = PBXFileReference; lastKnownFileType = sourcecode.swift; path = WeeklyShoppingList.swift; sourceTree = "<group>"; };
		387D3FF62384BE2D00567B95 /* WeeklyShoppingListController.swift */ = {isa = PBXFileReference; lastKnownFileType = sourcecode.swift; path = WeeklyShoppingListController.swift; sourceTree = "<group>"; };
		3880B695231DFB65008A11D0 /* MarketListApp.app */ = {isa = PBXFileReference; explicitFileType = wrapper.application; includeInIndex = 0; path = MarketListApp.app; sourceTree = BUILT_PRODUCTS_DIR; };
		3880B698231DFB65008A11D0 /* AppDelegate.swift */ = {isa = PBXFileReference; lastKnownFileType = sourcecode.swift; path = AppDelegate.swift; sourceTree = "<group>"; };
		3880B69D231DFB65008A11D0 /* Base */ = {isa = PBXFileReference; lastKnownFileType = file.storyboard; name = Base; path = Base.lproj/Main.storyboard; sourceTree = "<group>"; };
		3880B69F231DFB66008A11D0 /* Assets.xcassets */ = {isa = PBXFileReference; lastKnownFileType = folder.assetcatalog; path = Assets.xcassets; sourceTree = "<group>"; };
		3880B6A2231DFB66008A11D0 /* Base */ = {isa = PBXFileReference; lastKnownFileType = file.storyboard; name = Base; path = Base.lproj/LaunchScreen.storyboard; sourceTree = "<group>"; };
		3880B6A4231DFB66008A11D0 /* Info.plist */ = {isa = PBXFileReference; lastKnownFileType = text.plist.xml; path = Info.plist; sourceTree = "<group>"; };
		388D4F80240757ED00266DC3 /* MarketListAppDatabase.xcdatamodel */ = {isa = PBXFileReference; lastKnownFileType = wrapper.xcdatamodel; path = MarketListAppDatabase.xcdatamodel; sourceTree = "<group>"; };
		388D4F832407679800266DC3 /* DataController.swift */ = {isa = PBXFileReference; lastKnownFileType = sourcecode.swift; path = DataController.swift; sourceTree = "<group>"; };
		389AF58723AC0D2400AEBE92 /* FinishedShoppingListsVC.swift */ = {isa = PBXFileReference; lastKnownFileType = sourcecode.swift; path = FinishedShoppingListsVC.swift; sourceTree = "<group>"; };
		38AB7E44234ED1A800C2E88B /* MarketListApp.entitlements */ = {isa = PBXFileReference; lastKnownFileType = text.plist.entitlements; path = MarketListApp.entitlements; sourceTree = "<group>"; };
		38B0DBD72373AB4200F7EA9D /* Extensions.swift */ = {isa = PBXFileReference; lastKnownFileType = sourcecode.swift; path = Extensions.swift; sourceTree = "<group>"; };
		38BFACA423AB152D0026BEBE /* PurchasedItem.swift */ = {isa = PBXFileReference; lastKnownFileType = sourcecode.swift; path = PurchasedItem.swift; sourceTree = "<group>"; };
		38D9A2C12331E2FC0010E2EE /* NewItemVC.swift */ = {isa = PBXFileReference; lastKnownFileType = sourcecode.swift; path = NewItemVC.swift; sourceTree = "<group>"; };
		38F3D7E92384FE6400C90281 /* UniversalObjectController.swift */ = {isa = PBXFileReference; lastKnownFileType = sourcecode.swift; path = UniversalObjectController.swift; sourceTree = "<group>"; };
/* End PBXFileReference section */

/* Begin PBXFrameworksBuildPhase section */
		3880B692231DFB65008A11D0 /* Frameworks */ = {
			isa = PBXFrameworksBuildPhase;
			buildActionMask = 2147483647;
			files = (
			);
			runOnlyForDeploymentPostprocessing = 0;
		};
/* End PBXFrameworksBuildPhase section */

/* Begin PBXGroup section */
		3809FEB3239603AA00B82E16 /* 3- WeeklyShoppingList ViewController */ = {
			isa = PBXGroup;
			children = (
				387D3FF42384B9DB00567B95 /* WeeklyShoppingList.swift */,
				387D3FF62384BE2D00567B95 /* WeeklyShoppingListController.swift */,
			);
			path = "3- WeeklyShoppingList ViewController";
			sourceTree = "<group>";
		};
		3809FEB4239603E900B82E16 /* 2- ItemMercado ViewControllers */ = {
			isa = PBXGroup;
			children = (
				389AF58123AC0CA400AEBE92 /* newItemVC */,
				38306191232DFA04003725FB /* ItemsMercadoVC.swift */,
				386E0F392349586F0048539F /* ItemsMercadoVCController.swift */,
			);
			path = "2- ItemMercado ViewControllers";
			sourceTree = "<group>";
		};
		3809FEB52396040600B82E16 /* 1- Home ViewController */ = {
			isa = PBXGroup;
			children = (
				3830618F232DEAA3003725FB /* HomeVC.swift */,
				382004F72398B5AC00B7E913 /* singleItemVC */,
			);
			path = "1- Home ViewController";
			sourceTree = "<group>";
		};
		382004F72398B5AC00B7E913 /* singleItemVC */ = {
			isa = PBXGroup;
			children = (
				382651D923A85B42006261C3 /* purchaseHistoryVC */,
				3820B68B232E979300E2FEFA /* SingleItemInfoVC.swift */,
				382004F82398B5BE00B7E913 /* SingleItemController.swift */,
			);
			path = singleItemVC;
			sourceTree = "<group>";
		};
		382651D923A85B42006261C3 /* purchaseHistoryVC */ = {
			isa = PBXGroup;
			children = (
				382651DA23A85B79006261C3 /* ItemPurchaseHistoryVC.swift */,
				382651DC23A85B8A006261C3 /* ItemPurchaseHistoryController.swift */,
			);
			path = purchaseHistoryVC;
			sourceTree = "<group>";
		};
		382651DE23A862D1006261C3 /* ItemPurchaseHistoryVCCell */ = {
			isa = PBXGroup;
			children = (
				382651E323A8633D006261C3 /* ItemPurchaseHistoryVCCell.swift */,
				382651E423A8633D006261C3 /* ItemPurchaseHistoryVCCell.xib */,
			);
			path = ItemPurchaseHistoryVCCell;
			sourceTree = "<group>";
		};
		383C66B823AD6153006B02E8 /* FinishedShoppingListsHeaderCell */ = {
			isa = PBXGroup;
			children = (
				38686C1123AE84ED005901C0 /* FinishedShoppingListsVCHeaderCellTableViewCell.swift */,
				38686C1223AE84ED005901C0 /* FinishedShoppingListsVCHeaderCellTableViewCell.xib */,
			);
			path = FinishedShoppingListsHeaderCell;
			sourceTree = "<group>";
		};
		3847D55F240DFCD80055BE90 /* CellForMarketHeaderInTableViews */ = {
			isa = PBXGroup;
			children = (
				3847D560240DFD080055BE90 /* MarketHeaderCell.swift */,
				3847D561240DFD080055BE90 /* MarketHeaderCell.xib */,
			);
			path = CellForMarketHeaderInTableViews;
			sourceTree = "<group>";
		};
		385B3CE724147C01006C06AF /* CellForItemInTableViews */ = {
			isa = PBXGroup;
			children = (
				385B3CE824147C1C006C06AF /* CellForItemInTableViews.swift */,
				385B3CE924147C1C006C06AF /* CellForItemInTableViews.xib */,
			);
			path = CellForItemInTableViews;
			sourceTree = "<group>";
		};
		386792002411ED22006E24B3 /* CellForSectorInTableViews */ = {
			isa = PBXGroup;
			children = (
				386792012411ED41006E24B3 /* CellForSectorInTableViews.swift */,
				386792022411ED41006E24B3 /* CellForSectorInTableViews.xib */,
			);
			name = CellForSectorInTableViews;
			sourceTree = "<group>";
		};
		38686C1523AE8D63005901C0 /* FinishedShoppingListItemCell */ = {
			isa = PBXGroup;
			children = (
				38686C1623AE8D88005901C0 /* FinishedShoppingListsVCItemsCells.swift */,
				38686C1723AE8D88005901C0 /* FinishedShoppingListsVCItemsCells.xib */,
			);
			path = FinishedShoppingListItemCell;
			sourceTree = "<group>";
		};
		3880B68C231DFB65008A11D0 = {
			isa = PBXGroup;
			children = (
				3880B697231DFB65008A11D0 /* MarketListApp */,
				3880B696231DFB65008A11D0 /* Products */,
			);
			sourceTree = "<group>";
		};
		3880B696231DFB65008A11D0 /* Products */ = {
			isa = PBXGroup;
			children = (
				3880B695231DFB65008A11D0 /* MarketListApp.app */,
			);
			name = Products;
			sourceTree = "<group>";
		};
		3880B697231DFB65008A11D0 /* MarketListApp */ = {
			isa = PBXGroup;
			children = (
				38AB7E44234ED1A800C2E88B /* MarketListApp.entitlements */,
				3880B6AA231DFB86008A11D0 /* Model */,
				3880B6AC231DFBC8008A11D0 /* Controller */,
				3880B6AB231DFB94008A11D0 /* View */,
				3880B69F231DFB66008A11D0 /* Assets.xcassets */,
				3880B6A4231DFB66008A11D0 /* Info.plist */,
			);
			path = MarketListApp;
			sourceTree = "<group>";
		};
		3880B6AA231DFB86008A11D0 /* Model */ = {
			isa = PBXGroup;
			children = (
				3898DCBD240EECC800440898 /* MarketListAppDatabse+Extensions */,
				388D4F7F240757ED00266DC3 /* MarketListAppDatabase.xcdatamodeld */,
				388D4F832407679800266DC3 /* DataController.swift */,
			);
			path = Model;
			sourceTree = "<group>";
		};
		3880B6AB231DFB94008A11D0 /* View */ = {
			isa = PBXGroup;
			children = (
				385B3CE724147C01006C06AF /* CellForItemInTableViews */,
				386792002411ED22006E24B3 /* CellForSectorInTableViews */,
				3847D55F240DFCD80055BE90 /* CellForMarketHeaderInTableViews */,
				382651DE23A862D1006261C3 /* ItemPurchaseHistoryVCCell */,
				38686C1523AE8D63005901C0 /* FinishedShoppingListItemCell */,
				383C66B823AD6153006B02E8 /* FinishedShoppingListsHeaderCell */,
				3880B6A1231DFB66008A11D0 /* LaunchScreen.storyboard */,
				3880B69C231DFB65008A11D0 /* Main.storyboard */,
			);
			path = View;
			sourceTree = "<group>";
		};
		3880B6AC231DFBC8008A11D0 /* Controller */ = {
			isa = PBXGroup;
			children = (
				3880B698231DFB65008A11D0 /* AppDelegate.swift */,
				3809FEB52396040600B82E16 /* 1- Home ViewController */,
				3809FEB4239603E900B82E16 /* 2- ItemMercado ViewControllers */,
				3809FEB3239603AA00B82E16 /* 3- WeeklyShoppingList ViewController */,
				389AF58223AC0CC200AEBE92 /* 4- FinishedShoppingListsVC */,
				382A5E9C23800B22008F3B83 /* ItemImageExpandedVC.swift */,
				38B0DBD72373AB4200F7EA9D /* Extensions.swift */,
				38F3D7E92384FE6400C90281 /* UniversalObjectController.swift */,
				387D3FF22384AFFD00567B95 /* Enums.swift */,
				382004F52398923500B7E913 /* Structs.swift */,
			);
			path = Controller;
			sourceTree = "<group>";
		};
		3898DCBD240EECC800440898 /* MarketListAppDatabse+Extensions */ = {
			isa = PBXGroup;
			children = (
				381FC23E2324044A00C484C2 /* Market.swift */,
				381FC2402324059800C484C2 /* Sector.swift */,
				381FC2422324061900C484C2 /* FormOfSale.swift */,
				381FC2442324064800C484C2 /* Item.swift */,
				381FC266232496D200C484C2 /* PurchasedList.swift */,
				38BFACA423AB152D0026BEBE /* PurchasedItem.swift */,
			);
			path = "MarketListAppDatabse+Extensions";
			sourceTree = "<group>";
		};
		389AF58123AC0CA400AEBE92 /* newItemVC */ = {
			isa = PBXGroup;
			children = (
				38D9A2C12331E2FC0010E2EE /* NewItemVC.swift */,
			);
			path = newItemVC;
			sourceTree = "<group>";
		};
		389AF58223AC0CC200AEBE92 /* 4- FinishedShoppingListsVC */ = {
			isa = PBXGroup;
			children = (
				389AF58723AC0D2400AEBE92 /* FinishedShoppingListsVC.swift */,
			);
			path = "4- FinishedShoppingListsVC";
			sourceTree = "<group>";
		};
/* End PBXGroup section */

/* Begin PBXNativeTarget section */
		3880B694231DFB65008A11D0 /* MarketListApp */ = {
			isa = PBXNativeTarget;
			buildConfigurationList = 3880B6A7231DFB66008A11D0 /* Build configuration list for PBXNativeTarget "MarketListApp" */;
			buildPhases = (
				3880B691231DFB65008A11D0 /* Sources */,
				3880B692231DFB65008A11D0 /* Frameworks */,
				3880B693231DFB65008A11D0 /* Resources */,
			);
			buildRules = (
			);
			dependencies = (
			);
			name = MarketListApp;
			productName = MarketListApp;
			productReference = 3880B695231DFB65008A11D0 /* MarketListApp.app */;
			productType = "com.apple.product-type.application";
		};
/* End PBXNativeTarget section */

/* Begin PBXProject section */
		3880B68D231DFB65008A11D0 /* Project object */ = {
			isa = PBXProject;
			attributes = {
				LastSwiftUpdateCheck = 1030;
				LastUpgradeCheck = 1030;
				ORGANIZATIONNAME = dgmieth;
				TargetAttributes = {
					3880B694231DFB65008A11D0 = {
						CreatedOnToolsVersion = 10.3;
					};
				};
			};
			buildConfigurationList = 3880B690231DFB65008A11D0 /* Build configuration list for PBXProject "MarketListApp" */;
			compatibilityVersion = "Xcode 9.3";
			developmentRegion = en;
			hasScannedForEncodings = 0;
			knownRegions = (
				en,
				Base,
			);
			mainGroup = 3880B68C231DFB65008A11D0;
			productRefGroup = 3880B696231DFB65008A11D0 /* Products */;
			projectDirPath = "";
			projectRoot = "";
			targets = (
				3880B694231DFB65008A11D0 /* MarketListApp */,
			);
		};
/* End PBXProject section */

/* Begin PBXResourcesBuildPhase section */
		3880B693231DFB65008A11D0 /* Resources */ = {
			isa = PBXResourcesBuildPhase;
			buildActionMask = 2147483647;
			files = (
				38686C1923AE8D88005901C0 /* FinishedShoppingListsVCItemsCells.xib in Resources */,
				38686C1423AE84ED005901C0 /* FinishedShoppingListsVCHeaderCellTableViewCell.xib in Resources */,
				3847D563240DFD080055BE90 /* MarketHeaderCell.xib in Resources */,
				386792042411ED41006E24B3 /* CellForSectorInTableViews.xib in Resources */,
				385B3CEB24147C1C006C06AF /* CellForItemInTableViews.xib in Resources */,
				3880B6A3231DFB66008A11D0 /* LaunchScreen.storyboard in Resources */,
				3880B6A0231DFB66008A11D0 /* Assets.xcassets in Resources */,
				3880B69E231DFB65008A11D0 /* Main.storyboard in Resources */,
				382651E623A8633D006261C3 /* ItemPurchaseHistoryVCCell.xib in Resources */,
			);
			runOnlyForDeploymentPostprocessing = 0;
		};
/* End PBXResourcesBuildPhase section */

/* Begin PBXSourcesBuildPhase section */
		3880B691231DFB65008A11D0 /* Sources */ = {
			isa = PBXSourcesBuildPhase;
			buildActionMask = 2147483647;
			files = (
				381FC267232496D200C484C2 /* PurchasedList.swift in Sources */,
				382651DB23A85B79006261C3 /* ItemPurchaseHistoryVC.swift in Sources */,
				38306190232DEAA3003725FB /* HomeVC.swift in Sources */,
				386E0F3A2349586F0048539F /* ItemsMercadoVCController.swift in Sources */,
				381FC2432324061900C484C2 /* FormOfSale.swift in Sources */,
				38F3D7EA2384FE6400C90281 /* UniversalObjectController.swift in Sources */,
				38D9A2C22331E2FC0010E2EE /* NewItemVC.swift in Sources */,
				385B3CEA24147C1C006C06AF /* CellForItemInTableViews.swift in Sources */,
				388D4F842407679800266DC3 /* DataController.swift in Sources */,
				387D3FF52384B9DB00567B95 /* WeeklyShoppingList.swift in Sources */,
				382A5E9D23800B22008F3B83 /* ItemImageExpandedVC.swift in Sources */,
				38BFACA523AB152D0026BEBE /* PurchasedItem.swift in Sources */,
				388D4F822407611000266DC3 /* MarketListAppDatabase.xcdatamodeld in Sources */,
				3880B699231DFB65008A11D0 /* AppDelegate.swift in Sources */,
				389AF58823AC0D2400AEBE92 /* FinishedShoppingListsVC.swift in Sources */,
				382651E523A8633D006261C3 /* ItemPurchaseHistoryVCCell.swift in Sources */,
				386792032411ED41006E24B3 /* CellForSectorInTableViews.swift in Sources */,
				3847D562240DFD080055BE90 /* MarketHeaderCell.swift in Sources */,
				38686C1323AE84ED005901C0 /* FinishedShoppingListsVCHeaderCellTableViewCell.swift in Sources */,
				381FC23F2324044A00C484C2 /* Market.swift in Sources */,
				382004F62398923500B7E913 /* Structs.swift in Sources */,
				38B0DBD82373AB4200F7EA9D /* Extensions.swift in Sources */,
				38686C1823AE8D88005901C0 /* FinishedShoppingListsVCItemsCells.swift in Sources */,
				38306192232DFA04003725FB /* ItemsMercadoVC.swift in Sources */,
				381FC2452324064800C484C2 /* Item.swift in Sources */,
				382651DD23A85B8A006261C3 /* ItemPurchaseHistoryController.swift in Sources */,
				381FC2412324059800C484C2 /* Sector.swift in Sources */,
				387D3FF32384AFFD00567B95 /* Enums.swift in Sources */,
				387D3FF72384BE2D00567B95 /* WeeklyShoppingListController.swift in Sources */,
				382004F92398B5BE00B7E913 /* SingleItemController.swift in Sources */,
				3820B68C232E979300E2FEFA /* SingleItemInfoVC.swift in Sources */,
			);
			runOnlyForDeploymentPostprocessing = 0;
		};
/* End PBXSourcesBuildPhase section */

/* Begin PBXVariantGroup section */
		3880B69C231DFB65008A11D0 /* Main.storyboard */ = {
			isa = PBXVariantGroup;
			children = (
				3880B69D231DFB65008A11D0 /* Base */,
			);
			name = Main.storyboard;
			sourceTree = "<group>";
		};
		3880B6A1231DFB66008A11D0 /* LaunchScreen.storyboard */ = {
			isa = PBXVariantGroup;
			children = (
				3880B6A2231DFB66008A11D0 /* Base */,
			);
			name = LaunchScreen.storyboard;
			sourceTree = "<group>";
		};
/* End PBXVariantGroup section */

/* Begin XCBuildConfiguration section */
		3880B6A5231DFB66008A11D0 /* Debug */ = {
			isa = XCBuildConfiguration;
			buildSettings = {
				ALWAYS_SEARCH_USER_PATHS = NO;
				CLANG_ANALYZER_NONNULL = YES;
				CLANG_ANALYZER_NUMBER_OBJECT_CONVERSION = YES_AGGRESSIVE;
				CLANG_CXX_LANGUAGE_STANDARD = "gnu++14";
				CLANG_CXX_LIBRARY = "libc++";
				CLANG_ENABLE_MODULES = YES;
				CLANG_ENABLE_OBJC_ARC = YES;
				CLANG_ENABLE_OBJC_WEAK = YES;
				CLANG_WARN_BLOCK_CAPTURE_AUTORELEASING = YES;
				CLANG_WARN_BOOL_CONVERSION = YES;
				CLANG_WARN_COMMA = YES;
				CLANG_WARN_CONSTANT_CONVERSION = YES;
				CLANG_WARN_DEPRECATED_OBJC_IMPLEMENTATIONS = YES;
				CLANG_WARN_DIRECT_OBJC_ISA_USAGE = YES_ERROR;
				CLANG_WARN_DOCUMENTATION_COMMENTS = YES;
				CLANG_WARN_EMPTY_BODY = YES;
				CLANG_WARN_ENUM_CONVERSION = YES;
				CLANG_WARN_INFINITE_RECURSION = YES;
				CLANG_WARN_INT_CONVERSION = YES;
				CLANG_WARN_NON_LITERAL_NULL_CONVERSION = YES;
				CLANG_WARN_OBJC_IMPLICIT_RETAIN_SELF = YES;
				CLANG_WARN_OBJC_LITERAL_CONVERSION = YES;
				CLANG_WARN_OBJC_ROOT_CLASS = YES_ERROR;
				CLANG_WARN_RANGE_LOOP_ANALYSIS = YES;
				CLANG_WARN_STRICT_PROTOTYPES = YES;
				CLANG_WARN_SUSPICIOUS_MOVE = YES;
				CLANG_WARN_UNGUARDED_AVAILABILITY = YES_AGGRESSIVE;
				CLANG_WARN_UNREACHABLE_CODE = YES;
				CLANG_WARN__DUPLICATE_METHOD_MATCH = YES;
				CODE_SIGN_IDENTITY = "iPhone Developer";
				COPY_PHASE_STRIP = NO;
				DEBUG_INFORMATION_FORMAT = dwarf;
				ENABLE_STRICT_OBJC_MSGSEND = YES;
				ENABLE_TESTABILITY = YES;
				GCC_C_LANGUAGE_STANDARD = gnu11;
				GCC_DYNAMIC_NO_PIC = NO;
				GCC_NO_COMMON_BLOCKS = YES;
				GCC_OPTIMIZATION_LEVEL = 0;
				GCC_PREPROCESSOR_DEFINITIONS = (
					"DEBUG=1",
					"$(inherited)",
				);
				GCC_WARN_64_TO_32_BIT_CONVERSION = YES;
				GCC_WARN_ABOUT_RETURN_TYPE = YES_ERROR;
				GCC_WARN_UNDECLARED_SELECTOR = YES;
				GCC_WARN_UNINITIALIZED_AUTOS = YES_AGGRESSIVE;
				GCC_WARN_UNUSED_FUNCTION = YES;
				GCC_WARN_UNUSED_VARIABLE = YES;
				IPHONEOS_DEPLOYMENT_TARGET = 13.0;
				MTL_ENABLE_DEBUG_INFO = INCLUDE_SOURCE;
				MTL_FAST_MATH = YES;
				ONLY_ACTIVE_ARCH = YES;
				SDKROOT = iphoneos;
				SWIFT_ACTIVE_COMPILATION_CONDITIONS = DEBUG;
				SWIFT_OPTIMIZATION_LEVEL = "-Onone";
			};
			name = Debug;
		};
		3880B6A6231DFB66008A11D0 /* Release */ = {
			isa = XCBuildConfiguration;
			buildSettings = {
				ALWAYS_SEARCH_USER_PATHS = NO;
				CLANG_ANALYZER_NONNULL = YES;
				CLANG_ANALYZER_NUMBER_OBJECT_CONVERSION = YES_AGGRESSIVE;
				CLANG_CXX_LANGUAGE_STANDARD = "gnu++14";
				CLANG_CXX_LIBRARY = "libc++";
				CLANG_ENABLE_MODULES = YES;
				CLANG_ENABLE_OBJC_ARC = YES;
				CLANG_ENABLE_OBJC_WEAK = YES;
				CLANG_WARN_BLOCK_CAPTURE_AUTORELEASING = YES;
				CLANG_WARN_BOOL_CONVERSION = YES;
				CLANG_WARN_COMMA = YES;
				CLANG_WARN_CONSTANT_CONVERSION = YES;
				CLANG_WARN_DEPRECATED_OBJC_IMPLEMENTATIONS = YES;
				CLANG_WARN_DIRECT_OBJC_ISA_USAGE = YES_ERROR;
				CLANG_WARN_DOCUMENTATION_COMMENTS = YES;
				CLANG_WARN_EMPTY_BODY = YES;
				CLANG_WARN_ENUM_CONVERSION = YES;
				CLANG_WARN_INFINITE_RECURSION = YES;
				CLANG_WARN_INT_CONVERSION = YES;
				CLANG_WARN_NON_LITERAL_NULL_CONVERSION = YES;
				CLANG_WARN_OBJC_IMPLICIT_RETAIN_SELF = YES;
				CLANG_WARN_OBJC_LITERAL_CONVERSION = YES;
				CLANG_WARN_OBJC_ROOT_CLASS = YES_ERROR;
				CLANG_WARN_RANGE_LOOP_ANALYSIS = YES;
				CLANG_WARN_STRICT_PROTOTYPES = YES;
				CLANG_WARN_SUSPICIOUS_MOVE = YES;
				CLANG_WARN_UNGUARDED_AVAILABILITY = YES_AGGRESSIVE;
				CLANG_WARN_UNREACHABLE_CODE = YES;
				CLANG_WARN__DUPLICATE_METHOD_MATCH = YES;
				CODE_SIGN_IDENTITY = "iPhone Developer";
				COPY_PHASE_STRIP = NO;
				DEBUG_INFORMATION_FORMAT = "dwarf-with-dsym";
				ENABLE_NS_ASSERTIONS = NO;
				ENABLE_STRICT_OBJC_MSGSEND = YES;
				GCC_C_LANGUAGE_STANDARD = gnu11;
				GCC_NO_COMMON_BLOCKS = YES;
				GCC_WARN_64_TO_32_BIT_CONVERSION = YES;
				GCC_WARN_ABOUT_RETURN_TYPE = YES_ERROR;
				GCC_WARN_UNDECLARED_SELECTOR = YES;
				GCC_WARN_UNINITIALIZED_AUTOS = YES_AGGRESSIVE;
				GCC_WARN_UNUSED_FUNCTION = YES;
				GCC_WARN_UNUSED_VARIABLE = YES;
				IPHONEOS_DEPLOYMENT_TARGET = 13.0;
				MTL_ENABLE_DEBUG_INFO = NO;
				MTL_FAST_MATH = YES;
				SDKROOT = iphoneos;
				SWIFT_COMPILATION_MODE = wholemodule;
				SWIFT_OPTIMIZATION_LEVEL = "-O";
				VALIDATE_PRODUCT = YES;
			};
			name = Release;
		};
		3880B6A8231DFB66008A11D0 /* Debug */ = {
			isa = XCBuildConfiguration;
			buildSettings = {
				ASSETCATALOG_COMPILER_APPICON_NAME = AppIcon;
				CODE_SIGN_ENTITLEMENTS = MarketListApp/MarketListApp.entitlements;
				CODE_SIGN_STYLE = Automatic;
				DERIVE_MACCATALYST_PRODUCT_BUNDLE_IDENTIFIER = YES;
				DEVELOPMENT_TEAM = Q2UDAMQ287;
				INFOPLIST_FILE = MarketListApp/Info.plist;
				IPHONEOS_DEPLOYMENT_TARGET = 13.2;
				LD_RUNPATH_SEARCH_PATHS = (
					"$(inherited)",
					"@executable_path/Frameworks",
				);
				PRODUCT_BUNDLE_IDENTIFIER = com.dgmieth.MarketListApp;
				PRODUCT_NAME = "$(TARGET_NAME)";
				SUPPORTS_MACCATALYST = YES;
				SWIFT_VERSION = 5.0;
				TARGETED_DEVICE_FAMILY = "1,2";
			};
			name = Debug;
		};
		3880B6A9231DFB66008A11D0 /* Release */ = {
			isa = XCBuildConfiguration;
			buildSettings = {
				ASSETCATALOG_COMPILER_APPICON_NAME = AppIcon;
				CODE_SIGN_ENTITLEMENTS = MarketListApp/MarketListApp.entitlements;
				CODE_SIGN_STYLE = Automatic;
				DERIVE_MACCATALYST_PRODUCT_BUNDLE_IDENTIFIER = YES;
				DEVELOPMENT_TEAM = Q2UDAMQ287;
				INFOPLIST_FILE = MarketListApp/Info.plist;
				IPHONEOS_DEPLOYMENT_TARGET = 13.2;
				LD_RUNPATH_SEARCH_PATHS = (
					"$(inherited)",
					"@executable_path/Frameworks",
				);
				PRODUCT_BUNDLE_IDENTIFIER = com.dgmieth.MarketListApp;
				PRODUCT_NAME = "$(TARGET_NAME)";
				SUPPORTS_MACCATALYST = YES;
				SWIFT_VERSION = 5.0;
				TARGETED_DEVICE_FAMILY = "1,2";
			};
			name = Release;
		};
/* End XCBuildConfiguration section */

/* Begin XCConfigurationList section */
		3880B690231DFB65008A11D0 /* Build configuration list for PBXProject "MarketListApp" */ = {
			isa = XCConfigurationList;
			buildConfigurations = (
				3880B6A5231DFB66008A11D0 /* Debug */,
				3880B6A6231DFB66008A11D0 /* Release */,
			);
			defaultConfigurationIsVisible = 0;
			defaultConfigurationName = Release;
		};
		3880B6A7231DFB66008A11D0 /* Build configuration list for PBXNativeTarget "MarketListApp" */ = {
			isa = XCConfigurationList;
			buildConfigurations = (
				3880B6A8231DFB66008A11D0 /* Debug */,
				3880B6A9231DFB66008A11D0 /* Release */,
			);
			defaultConfigurationIsVisible = 0;
			defaultConfigurationName = Release;
		};
/* End XCConfigurationList section */

/* Begin XCVersionGroup section */
		388D4F7F240757ED00266DC3 /* MarketListAppDatabase.xcdatamodeld */ = {
			isa = XCVersionGroup;
			children = (
				388D4F80240757ED00266DC3 /* MarketListAppDatabase.xcdatamodel */,
			);
			currentVersion = 388D4F80240757ED00266DC3 /* MarketListAppDatabase.xcdatamodel */;
			path = MarketListAppDatabase.xcdatamodeld;
			sourceTree = "<group>";
			versionGroupType = wrapper.xcdatamodel;
		};
/* End XCVersionGroup section */
	};
	rootObject = 3880B68D231DFB65008A11D0 /* Project object */;
}
